
Microsoft Visual Studio Solution File, Format Version 12.00
# Visual Studio Version 17
VisualStudioVersion = 17.5.33627.172
MinimumVisualStudioVersion = 10.0.40219.1
Project("{9A19103F-16F7-4668-BE54-9A1E7A4F7556}") = "EmployeeDetails", "EmployeeDetails.csproj", "{B5EFC226-08A2-4380-88F8-C5A2915AC988}"
EndProject
Project("{FAE04EC0-301F-11D3-BF4B-00C04F79EFBC}") = "TestEmployee", "..\TestEmployee\TestEmployee.csproj", "{0F1F99A6-EB44-4826-A397-0BCF7A743C94}"
EndProject
Global
	GlobalSection(SolutionConfigurationPlatforms) = preSolution
		Debug|Any CPU = Debug|Any CPU
		Release|Any CPU = Release|Any CPU
	EndGlobalSection
	GlobalSection(ProjectConfigurationPlatforms) = postSolution
		{B5EFC226-08A2-4380-88F8-C5A2915AC988}.Debug|Any CPU.ActiveCfg = Debug|Any CPU
		{B5EFC226-08A2-4380-88F8-C5A2915AC988}.Debug|Any CPU.Build.0 = Debug|Any CPU
		{B5EFC226-08A2-4380-88F8-C5A2915AC988}.Release|Any CPU.ActiveCfg = Release|Any CPU
		{B5EFC226-08A2-4380-88F8-C5A2915AC988}.Release|Any CPU.Build.0 = Release|Any CPU
		{0F1F99A6-EB44-4826-A397-0BCF7A743C94}.Debug|Any CPU.ActiveCfg = Debug|Any CPU
		{0F1F99A6-EB44-4826-A397-0BCF7A743C94}.Debug|Any CPU.Build.0 = Debug|Any CPU
		{0F1F99A6-EB44-4826-A397-0BCF7A743C94}.Release|Any CPU.ActiveCfg = Release|Any CPU
		{0F1F99A6-EB44-4826-A397-0BCF7A743C94}.Release|Any CPU.Build.0 = Release|Any CPU
	EndGlobalSection
	GlobalSection(SolutionProperties) = preSolution
		HideSolutionNode = FALSE
	EndGlobalSection
	GlobalSection(ExtensibilityGlobals) = postSolution
		SolutionGuid = {308ECB23-9DCF-4F01-A02D-F81750731705}
	EndGlobalSection
EndGlobal
